<Solution>
  <Folder Name="/src/">
    <Project Path="src/Lapis.Ast/Lapis.Ast.csproj" />
    <Project Path="src/Lapis.Cli/Lapis.Cli.csproj" />
    <Project Path="src/Lapis.Desugar/Lapis.Desugar.csproj" />
    <Project Path="src/Lapis.Diagnostics/Lapis.Diagnostics.csproj" />
    <Project Path="src/Lapis.Evaluator/Lapis.Evaluator.csproj" />
    <Project Path="src/Lapis.Lexer/Lapis.Lexer.csproj" />
    <Project Path="src/Lapis.Parser/Lapis.Parser.csproj" />
    <Project Path="src/Lapis.PartialEvaluator/Lapis.PartialEvaluator.csproj" />
    <Project Path="src/Lapis.Runtime/Lapis.Runtime.csproj" />
    <Project Path="src/Lapis.TypeChecker/Lapis.TypeChecker.csproj" />
  </Folder>
  <Folder Name="/tests/">
    <Project Path="tests/Lapis.Cli.Tests/Lapis.Cli.Tests.csproj" />
    <Project Path="tests/Lapis.Conformance.Tests/Lapis.Conformance.Tests.csproj" />
    <Project Path="tests/Lapis.Desugar.Tests/Lapis.Desugar.Tests.csproj" />
    <Project Path="tests/Lapis.Evaluator.Tests/Lapis.Evaluator.Tests.csproj" />
    <Project Path="tests/Lapis.Lexer.Tests/Lapis.Lexer.Tests.csproj" />
    <Project Path="tests/Lapis.Parser.Tests/Lapis.Parser.Tests.csproj" />
    <Project Path="tests/Lapis.PartialEvaluator.Tests/Lapis.PartialEvaluator.Tests.csproj" />
    <Project Path="tests/Lapis.TypeChecker.Tests/Lapis.TypeChecker.Tests.csproj" />
  </Folder>
</Solution>
